// !$*UTF8*$!
{
	archiveVersion = 1;
	classes = {
	};
	objectVersion = 52;
	objects = {

/* Begin PBXBuildFile section */
		1DB69F5725EAA47B003BB5BB /* characterData.json in Resources */ = {isa = PBXBuildFile; fileRef = 1DB69F5625EAA47B003BB5BB /* characterData.json */; };
		1DB69F5B25EAA4C2003BB5BB /* ModelData.swift in Sources */ = {isa = PBXBuildFile; fileRef = 1DB69F5A25EAA4C2003BB5BB /* ModelData.swift */; };
		1DB69F5F25EABC5F003BB5BB /* CharacterRow.swift in Sources */ = {isa = PBXBuildFile; fileRef = 1DB69F5E25EABC5F003BB5BB /* CharacterRow.swift */; };
		1DB69F6225EABCB6003BB5BB /* RMCharacter.swift in Sources */ = {isa = PBXBuildFile; fileRef = 1DB69F6125EABCB6003BB5BB /* RMCharacter.swift */; };
		1DB69F6625EABF1A003BB5BB /* SDWebImageSwiftUI in Frameworks */ = {isa = PBXBuildFile; productRef = 1DB69F6525EABF1A003BB5BB /* SDWebImageSwiftUI */; };
		1DB69F6925EAC427003BB5BB /* CharacterList.swift in Sources */ = {isa = PBXBuildFile; fileRef = 1DB69F6825EAC427003BB5BB /* CharacterList.swift */; };
		1DB69F6C25EACB99003BB5BB /* CharacterDetail.swift in Sources */ = {isa = PBXBuildFile; fileRef = 1DB69F6B25EACB99003BB5BB /* CharacterDetail.swift */; };
		1DEFC76325EA9EF9003E491E /* Rick_and_MortyApp.swift in Sources */ = {isa = PBXBuildFile; fileRef = 1DEFC76225EA9EF9003E491E /* Rick_and_MortyApp.swift */; };
		1DEFC76525EA9EF9003E491E /* ContentView.swift in Sources */ = {isa = PBXBuildFile; fileRef = 1DEFC76425EA9EF9003E491E /* ContentView.swift */; };
		1DEFC76725EA9EFA003E491E /* Assets.xcassets in Resources */ = {isa = PBXBuildFile; fileRef = 1DEFC76625EA9EFA003E491E /* Assets.xcassets */; };
		1DEFC76A25EA9EFA003E491E /* Preview Assets.xcassets in Resources */ = {isa = PBXBuildFile; fileRef = 1DEFC76925EA9EFA003E491E /* Preview Assets.xcassets */; };
/* End PBXBuildFile section */

/* Begin PBXFileReference section */
		1DB69F5625EAA47B003BB5BB /* characterData.json */ = {isa = PBXFileReference; fileEncoding = 4; lastKnownFileType = text.json; path = characterData.json; sourceTree = "<group>"; };
		1DB69F5A25EAA4C2003BB5BB /* ModelData.swift */ = {isa = PBXFileReference; fileEncoding = 4; lastKnownFileType = sourcecode.swift; path = ModelData.swift; sourceTree = "<group>"; };
		1DB69F5E25EABC5F003BB5BB /* CharacterRow.swift */ = {isa = PBXFileReference; lastKnownFileType = sourcecode.swift; path = CharacterRow.swift; sourceTree = "<group>"; };
		1DB69F6125EABCB6003BB5BB /* RMCharacter.swift */ = {isa = PBXFileReference; lastKnownFileType = sourcecode.swift; path = RMCharacter.swift; sourceTree = "<group>"; };
		1DB69F6825EAC427003BB5BB /* CharacterList.swift */ = {isa = PBXFileReference; lastKnownFileType = sourcecode.swift; name = CharacterList.swift; path = ../../../../../../../../Dropbox/CharacterList.swift; sourceTree = "<group>"; };
		1DB69F6B25EACB99003BB5BB /* CharacterDetail.swift */ = {isa = PBXFileReference; lastKnownFileType = sourcecode.swift; path = CharacterDetail.swift; sourceTree = "<group>"; };
		1DEFC75F25EA9EF9003E491E /* Rick and Morty.app */ = {isa = PBXFileReference; explicitFileType = wrapper.application; includeInIndex = 0; path = "Rick and Morty.app"; sourceTree = BUILT_PRODUCTS_DIR; };
		1DEFC76225EA9EF9003E491E /* Rick_and_MortyApp.swift */ = {isa = PBXFileReference; lastKnownFileType = sourcecode.swift; path = Rick_and_MortyApp.swift; sourceTree = "<group>"; };
		1DEFC76425EA9EF9003E491E /* ContentView.swift */ = {isa = PBXFileReference; lastKnownFileType = sourcecode.swift; path = ContentView.swift; sourceTree = "<group>"; };
		1DEFC76625EA9EFA003E491E /* Assets.xcassets */ = {isa = PBXFileReference; lastKnownFileType = folder.assetcatalog; path = Assets.xcassets; sourceTree = "<group>"; };
		1DEFC76925EA9EFA003E491E /* Preview Assets.xcassets */ = {isa = PBXFileReference; lastKnownFileType = folder.assetcatalog; path = "Preview Assets.xcassets"; sourceTree = "<group>"; };
		1DEFC76B25EA9EFA003E491E /* Info.plist */ = {isa = PBXFileReference; lastKnownFileType = text.plist.xml; path = Info.plist; sourceTree = "<group>"; };
/* End PBXFileReference section */

/* Begin PBXFrameworksBuildPhase section */
		1DEFC75C25EA9EF9003E491E /* Frameworks */ = {
			isa = PBXFrameworksBuildPhase;
			buildActionMask = 2147483647;
			files = (
				1DB69F6625EABF1A003BB5BB /* SDWebImageSwiftUI in Frameworks */,
			);
			runOnlyForDeploymentPostprocessing = 0;
		};
/* End PBXFrameworksBuildPhase section */

/* Begin PBXGroup section */
		1DB69F5925EAA492003BB5BB /* Model */ = {
			isa = PBXGroup;
			children = (
				1DB69F5A25EAA4C2003BB5BB /* ModelData.swift */,
				1DB69F6125EABCB6003BB5BB /* RMCharacter.swift */,
			);
			path = Model;
			sourceTree = "<group>";
		};
		1DB69F5D25EAB8D0003BB5BB /* Views */ = {
			isa = PBXGroup;
			children = (
				1DEFC76425EA9EF9003E491E /* ContentView.swift */,
				1DB69F5E25EABC5F003BB5BB /* CharacterRow.swift */,
				1DB69F6825EAC427003BB5BB /* CharacterList.swift */,
				1DB69F6B25EACB99003BB5BB /* CharacterDetail.swift */,
			);
			path = Views;
			sourceTree = "<group>";
		};
		1DEFC75625EA9EF9003E491E = {
			isa = PBXGroup;
			children = (
				1DEFC76125EA9EF9003E491E /* Rick and Morty */,
				1DEFC76025EA9EF9003E491E /* Products */,
			);
			sourceTree = "<group>";
		};
		1DEFC76025EA9EF9003E491E /* Products */ = {
			isa = PBXGroup;
			children = (
				1DEFC75F25EA9EF9003E491E /* Rick and Morty.app */,
			);
			name = Products;
			sourceTree = "<group>";
		};
		1DEFC76125EA9EF9003E491E /* Rick and Morty */ = {
			isa = PBXGroup;
			children = (
				1DEFC76225EA9EF9003E491E /* Rick_and_MortyApp.swift */,
				1DB69F5D25EAB8D0003BB5BB /* Views */,
				1DB69F5925EAA492003BB5BB /* Model */,
				1DEFC77725EAA314003E491E /* Resources */,
				1DEFC76625EA9EFA003E491E /* Assets.xcassets */,
				1DEFC76B25EA9EFA003E491E /* Info.plist */,
				1DEFC76825EA9EFA003E491E /* Preview Content */,
			);
			path = "Rick and Morty";
			sourceTree = "<group>";
		};
		1DEFC76825EA9EFA003E491E /* Preview Content */ = {
			isa = PBXGroup;
			children = (
				1DEFC76925EA9EFA003E491E /* Preview Assets.xcassets */,
			);
			path = "Preview Content";
			sourceTree = "<group>";
		};
		1DEFC77725EAA314003E491E /* Resources */ = {
			isa = PBXGroup;
			children = (
				1DB69F5625EAA47B003BB5BB /* characterData.json */,
			);
			path = Resources;
			sourceTree = "<group>";
		};
/* End PBXGroup section */

/* Begin PBXNativeTarget section */
		1DEFC75E25EA9EF9003E491E /* Rick and Morty */ = {
			isa = PBXNativeTarget;
			buildConfigurationList = 1DEFC76E25EA9EFA003E491E /* Build configuration list for PBXNativeTarget "Rick and Morty" */;
			buildPhases = (
				1DEFC75B25EA9EF9003E491E /* Sources */,
				1DEFC75C25EA9EF9003E491E /* Frameworks */,
				1DEFC75D25EA9EF9003E491E /* Resources */,
			);
			buildRules = (
			);
			dependencies = (
			);
			name = "Rick and Morty";
			packageProductDependencies = (
				1DB69F6525EABF1A003BB5BB /* SDWebImageSwiftUI */,
			);
			productName = "Rick and Morty";
			productReference = 1DEFC75F25EA9EF9003E491E /* Rick and Morty.app */;
			productType = "com.apple.product-type.application";
		};
/* End PBXNativeTarget section */

/* Begin PBXProject section */
		1DEFC75725EA9EF9003E491E /* Project object */ = {
			isa = PBXProject;
			attributes = {
				LastSwiftUpdateCheck = 1240;
				LastUpgradeCheck = 1240;
				TargetAttributes = {
					1DEFC75E25EA9EF9003E491E = {
						CreatedOnToolsVersion = 12.4;
					};
				};
			};
			buildConfigurationList = 1DEFC75A25EA9EF9003E491E /* Build configuration list for PBXProject "Rick and Morty" */;
			compatibilityVersion = "Xcode 9.3";
			developmentRegion = en;
			hasScannedForEncodings = 0;
			knownRegions = (
				en,
				Base,
			);
			mainGroup = 1DEFC75625EA9EF9003E491E;
			packageReferences = (
				1DB69F6425EABF1A003BB5BB /* XCRemoteSwiftPackageReference "SDWebImageSwiftUI" */,
			);
			productRefGroup = 1DEFC76025EA9EF9003E491E /* Products */;
			projectDirPath = "";
			projectRoot = "";
			targets = (
				1DEFC75E25EA9EF9003E491E /* Rick and Morty */,
			);
		};
/* End PBXProject section */

/* Begin PBXResourcesBuildPhase section */
		1DEFC75D25EA9EF9003E491E /* Resources */ = {
			isa = PBXResourcesBuildPhase;
			buildActionMask = 2147483647;
			files = (
				1DEFC76A25EA9EFA003E491E /* Preview Assets.xcassets in Resources */,
				1DEFC76725EA9EFA003E491E /* Assets.xcassets in Resources */,
				1DB69F5725EAA47B003BB5BB /* characterData.json in Resources */,
			);
			runOnlyForDeploymentPostprocessing = 0;
		};
/* End PBXResourcesBuildPhase section */

/* Begin PBXSourcesBuildPhase section */
		1DEFC75B25EA9EF9003E491E /* Sources */ = {
			isa = PBXSourcesBuildPhase;
			buildActionMask = 2147483647;
			files = (
				1DEFC76525EA9EF9003E491E /* ContentView.swift in Sources */,
				1DEFC76325EA9EF9003E491E /* Rick_and_MortyApp.swift in Sources */,
				1DB69F6C25EACB99003BB5BB /* CharacterDetail.swift in Sources */,
				1DB69F5F25EABC5F003BB5BB /* CharacterRow.swift in Sources */,
				1DB69F6925EAC427003BB5BB /* CharacterList.swift in Sources */,
				1DB69F5B25EAA4C2003BB5BB /* ModelData.swift in Sources */,
				1DB69F6225EABCB6003BB5BB /* RMCharacter.swift in Sources */,
			);
			runOnlyForDeploymentPostprocessing = 0;
		};
/* End PBXSourcesBuildPhase section */

/* Begin XCBuildConfiguration section */
		1DEFC76C25EA9EFA003E491E /* Debug */ = {
			isa = XCBuildConfiguration;
			buildSettings = {
				ALWAYS_SEARCH_USER_PATHS = NO;
				CLANG_ANALYZER_NONNULL = YES;
				CLANG_ANALYZER_NUMBER_OBJECT_CONVERSION = YES_AGGRESSIVE;
				CLANG_CXX_LANGUAGE_STANDARD = "gnu++14";
				CLANG_CXX_LIBRARY = "libc++";
				CLANG_ENABLE_MODULES = YES;
				CLANG_ENABLE_OBJC_ARC = YES;
				CLANG_ENABLE_OBJC_WEAK = YES;
				CLANG_WARN_BLOCK_CAPTURE_AUTORELEASING = YES;
				CLANG_WARN_BOOL_CONVERSION = YES;
				CLANG_WARN_COMMA = YES;
				CLANG_WARN_CONSTANT_CONVERSION = YES;
				CLANG_WARN_DEPRECATED_OBJC_IMPLEMENTATIONS = YES;
				CLANG_WARN_DIRECT_OBJC_ISA_USAGE = YES_ERROR;
				CLANG_WARN_DOCUMENTATION_COMMENTS = YES;
				CLANG_WARN_EMPTY_BODY = YES;
				CLANG_WARN_ENUM_CONVERSION = YES;
				CLANG_WARN_INFINITE_RECURSION = YES;
				CLANG_WARN_INT_CONVERSION = YES;
				CLANG_WARN_NON_LITERAL_NULL_CONVERSION = YES;
				CLANG_WARN_OBJC_IMPLICIT_RETAIN_SELF = YES;
				CLANG_WARN_OBJC_LITERAL_CONVERSION = YES;
				CLANG_WARN_OBJC_ROOT_CLASS = YES_ERROR;
				CLANG_WARN_QUOTED_INCLUDE_IN_FRAMEWORK_HEADER = YES;
				CLANG_WARN_RANGE_LOOP_ANALYSIS = YES;
				CLANG_WARN_STRICT_PROTOTYPES = YES;
				CLANG_WARN_SUSPICIOUS_MOVE = YES;
				CLANG_WARN_UNGUARDED_AVAILABILITY = YES_AGGRESSIVE;
				CLANG_WARN_UNREACHABLE_CODE = YES;
				CLANG_WARN__DUPLICATE_METHOD_MATCH = YES;
				COPY_PHASE_STRIP = NO;
				DEBUG_INFORMATION_FORMAT = dwarf;
				ENABLE_STRICT_OBJC_MSGSEND = YES;
				ENABLE_TESTABILITY = YES;
				GCC_C_LANGUAGE_STANDARD = gnu11;
				GCC_DYNAMIC_NO_PIC = NO;
				GCC_NO_COMMON_BLOCKS = YES;
				GCC_OPTIMIZATION_LEVEL = 0;
				GCC_PREPROCESSOR_DEFINITIONS = (
					"DEBUG=1",
					"$(inherited)",
				);
				GCC_WARN_64_TO_32_BIT_CONVERSION = YES;
				GCC_WARN_ABOUT_RETURN_TYPE = YES_ERROR;
				GCC_WARN_UNDECLARED_SELECTOR = YES;
				GCC_WARN_UNINITIALIZED_AUTOS = YES_AGGRESSIVE;
				GCC_WARN_UNUSED_FUNCTION = YES;
				GCC_WARN_UNUSED_VARIABLE = YES;
				IPHONEOS_DEPLOYMENT_TARGET = 14.4;
				MTL_ENABLE_DEBUG_INFO = INCLUDE_SOURCE;
				MTL_FAST_MATH = YES;
				ONLY_ACTIVE_ARCH = YES;
				SDKROOT = iphoneos;
				SWIFT_ACTIVE_COMPILATION_CONDITIONS = DEBUG;
				SWIFT_OPTIMIZATION_LEVEL = "-Onone";
			};
			name = Debug;
		};
		1DEFC76D25EA9EFA003E491E /* Release */ = {
			isa = XCBuildConfiguration;
			buildSettings = {
				ALWAYS_SEARCH_USER_PATHS = NO;
				CLANG_ANALYZER_NONNULL = YES;
				CLANG_ANALYZER_NUMBER_OBJECT_CONVERSION = YES_AGGRESSIVE;
				CLANG_CXX_LANGUAGE_STANDARD = "gnu++14";
				CLANG_CXX_LIBRARY = "libc++";
				CLANG_ENABLE_MODULES = YES;
				CLANG_ENABLE_OBJC_ARC = YES;
				CLANG_ENABLE_OBJC_WEAK = YES;
				CLANG_WARN_BLOCK_CAPTURE_AUTORELEASING = YES;
				CLANG_WARN_BOOL_CONVERSION = YES;
				CLANG_WARN_COMMA = YES;
				CLANG_WARN_CONSTANT_CONVERSION = YES;
				CLANG_WARN_DEPRECATED_OBJC_IMPLEMENTATIONS = YES;
				CLANG_WARN_DIRECT_OBJC_ISA_USAGE = YES_ERROR;
				CLANG_WARN_DOCUMENTATION_COMMENTS = YES;
				CLANG_WARN_EMPTY_BODY = YES;
				CLANG_WARN_ENUM_CONVERSION = YES;
				CLANG_WARN_INFINITE_RECURSION = YES;
				CLANG_WARN_INT_CONVERSION = YES;
				CLANG_WARN_NON_LITERAL_NULL_CONVERSION = YES;
				CLANG_WARN_OBJC_IMPLICIT_RETAIN_SELF = YES;
				CLANG_WARN_OBJC_LITERAL_CONVERSION = YES;
				CLANG_WARN_OBJC_ROOT_CLASS = YES_ERROR;
				CLANG_WARN_QUOTED_INCLUDE_IN_FRAMEWORK_HEADER = YES;
				CLANG_WARN_RANGE_LOOP_ANALYSIS = YES;
				CLANG_WARN_STRICT_PROTOTYPES = YES;
				CLANG_WARN_SUSPICIOUS_MOVE = YES;
				CLANG_WARN_UNGUARDED_AVAILABILITY = YES_AGGRESSIVE;
				CLANG_WARN_UNREACHABLE_CODE = YES;
				CLANG_WARN__DUPLICATE_METHOD_MATCH = YES;
				COPY_PHASE_STRIP = NO;
				DEBUG_INFORMATION_FORMAT = "dwarf-with-dsym";
				ENABLE_NS_ASSERTIONS = NO;
				ENABLE_STRICT_OBJC_MSGSEND = YES;
				GCC_C_LANGUAGE_STANDARD = gnu11;
				GCC_NO_COMMON_BLOCKS = YES;
				GCC_WARN_64_TO_32_BIT_CONVERSION = YES;
				GCC_WARN_ABOUT_RETURN_TYPE = YES_ERROR;
				GCC_WARN_UNDECLARED_SELECTOR = YES;
				GCC_WARN_UNINITIALIZED_AUTOS = YES_AGGRESSIVE;
				GCC_WARN_UNUSED_FUNCTION = YES;
				GCC_WARN_UNUSED_VARIABLE = YES;
				IPHONEOS_DEPLOYMENT_TARGET = 14.4;
				MTL_ENABLE_DEBUG_INFO = NO;
				MTL_FAST_MATH = YES;
				SDKROOT = iphoneos;
				SWIFT_COMPILATION_MODE = wholemodule;
				SWIFT_OPTIMIZATION_LEVEL = "-O";
				VALIDATE_PRODUCT = YES;
			};
			name = Release;
		};
		1DEFC76F25EA9EFA003E491E /* Debug */ = {
			isa = XCBuildConfiguration;
			buildSettings = {
				ASSETCATALOG_COMPILER_APPICON_NAME = AppIcon;
				ASSETCATALOG_COMPILER_GLOBAL_ACCENT_COLOR_NAME = AccentColor;
				CODE_SIGN_STYLE = Automatic;
				DEVELOPMENT_ASSET_PATHS = "\"Rick and Morty/Preview Content\"";
				DEVELOPMENT_TEAM = XU9WC44F8F;
				ENABLE_PREVIEWS = YES;
				INFOPLIST_FILE = "Rick and Morty/Info.plist";
				IPHONEOS_DEPLOYMENT_TARGET = 14.0;
				LD_RUNPATH_SEARCH_PATHS = (
					"$(inherited)",
					"@executable_path/Frameworks",
				);
				PRODUCT_BUNDLE_IDENTIFIER = "com.irangareddy.Rick-and-Morty";
				PRODUCT_NAME = "$(TARGET_NAME)";
				SWIFT_VERSION = 5.0;
				TARGETED_DEVICE_FAMILY = "1,2";
			};
			name = Debug;
		};
		1DEFC77025EA9EFA003E491E /* Release */ = {
			isa = XCBuildConfiguration;
			buildSettings = {
				ASSETCATALOG_COMPILER_APPICON_NAME = AppIcon;
				ASSETCATALOG_COMPILER_GLOBAL_ACCENT_COLOR_NAME = AccentColor;
				CODE_SIGN_STYLE = Automatic;
				DEVELOPMENT_ASSET_PATHS = "\"Rick and Morty/Preview Content\"";
				DEVELOPMENT_TEAM = XU9WC44F8F;
				ENABLE_PREVIEWS = YES;
				INFOPLIST_FILE = "Rick and Morty/Info.plist";
				IPHONEOS_DEPLOYMENT_TARGET = 14.0;
				LD_RUNPATH_SEARCH_PATHS = (
					"$(inherited)",
					"@executable_path/Frameworks",
				);
				PRODUCT_BUNDLE_IDENTIFIER = "com.irangareddy.Rick-and-Morty";
				PRODUCT_NAME = "$(TARGET_NAME)";
				SWIFT_VERSION = 5.0;
				TARGETED_DEVICE_FAMILY = "1,2";
			};
			name = Release;
		};
/* End XCBuildConfiguration section */

/* Begin XCConfigurationList section */
		1DEFC75A25EA9EF9003E491E /* Build configuration list for PBXProject "Rick and Morty" */ = {
			isa = XCConfigurationList;
			buildConfigurations = (
				1DEFC76C25EA9EFA003E491E /* Debug */,
				1DEFC76D25EA9EFA003E491E /* Release */,
			);
			defaultConfigurationIsVisible = 0;
			defaultConfigurationName = Release;
		};
		1DEFC76E25EA9EFA003E491E /* Build configuration list for PBXNativeTarget "Rick and Morty" */ = {
			isa = XCConfigurationList;
			buildConfigurations = (
				1DEFC76F25EA9EFA003E491E /* Debug */,
				1DEFC77025EA9EFA003E491E /* Release */,
			);
			defaultConfigurationIsVisible = 0;
			defaultConfigurationName = Release;
		};
/* End XCConfigurationList section */

/* Begin XCRemoteSwiftPackageReference section */
		1DB69F6425EABF1A003BB5BB /* XCRemoteSwiftPackageReference "SDWebImageSwiftUI" */ = {
			isa = XCRemoteSwiftPackageReference;
			repositoryURL = "https://github.com/SDWebImage/SDWebImageSwiftUI";
			requirement = {
				kind = upToNextMajorVersion;
				minimumVersion = 2.0.1;
			};
		};
/* End XCRemoteSwiftPackageReference section */

/* Begin XCSwiftPackageProductDependency section */
		1DB69F6525EABF1A003BB5BB /* SDWebImageSwiftUI */ = {
			isa = XCSwiftPackageProductDependency;
			package = 1DB69F6425EABF1A003BB5BB /* XCRemoteSwiftPackageReference "SDWebImageSwiftUI" */;
			productName = SDWebImageSwiftUI;
		};
/* End XCSwiftPackageProductDependency section */
	};
	rootObject = 1DEFC75725EA9EF9003E491E /* Project object */;
}
